
Microsoft Visual Studio Solution File, Format Version 10.00
# Visual Studio 2008
Project("{8BC9CEB8-8B4A-11D0-8D11-00A0C91BC942}") = "winsocket_client", "winsocket_client\winsocket_client.vcproj", "{D9A170BB-829B-453E-A502-C513D2AF98D3}"
EndProject
Global
	GlobalSection(SolutionConfigurationPlatforms) = preSolution
		Debug|Win32 = Debug|Win32
		Release|Win32 = Release|Win32
	EndGlobalSection
	GlobalSection(ProjectConfigurationPlatforms) = postSolution
		{D9A170BB-829B-453E-A502-C513D2AF98D3}.Debug|Win32.ActiveCfg = Debug|Win32
		{D9A170BB-829B-453E-A502-C513D2AF98D3}.Debug|Win32.Build.0 = Debug|Win32
		{D9A170BB-829B-453E-A502-C513D2AF98D3}.Release|Win32.ActiveCfg = Release|Win32
		{D9A170BB-829B-453E-A502-C513D2AF98D3}.Release|Win32.Build.0 = Release|Win32
	EndGlobalSection
	GlobalSection(SolutionProperties) = preSolution
		HideSolutionNode = FALSE
	EndGlobalSection
EndGlobal
